
Microsoft Visual Studio Solution File, Format Version 12.00
# Visual Studio Version 16
VisualStudioVersion = 16.0.29709.97
MinimumVisualStudioVersion = 10.0.40219.1
Project("{FAE04EC0-301F-11D3-BF4B-00C04F79EFBC}") = "GitHubTestISuppose", "GitHubTestISuppose.csproj", "{CC9C676C-CDB3-4EFF-A0FE-9F118675840D}"
EndProject
Global
	GlobalSection(SolutionConfigurationPlatforms) = preSolution
		Debug|Any CPU = Debug|Any CPU
		Release|Any CPU = Release|Any CPU
	EndGlobalSection
	GlobalSection(ProjectConfigurationPlatforms) = postSolution
		{CC9C676C-CDB3-4EFF-A0FE-9F118675840D}.Debug|Any CPU.ActiveCfg = Debug|Any CPU
		{CC9C676C-CDB3-4EFF-A0FE-9F118675840D}.Debug|Any CPU.Build.0 = Debug|Any CPU
		{CC9C676C-CDB3-4EFF-A0FE-9F118675840D}.Release|Any CPU.ActiveCfg = Release|Any CPU
		{CC9C676C-CDB3-4EFF-A0FE-9F118675840D}.Release|Any CPU.Build.0 = Release|Any CPU
	EndGlobalSection
	GlobalSection(SolutionProperties) = preSolution
		HideSolutionNode = FALSE
	EndGlobalSection
	GlobalSection(ExtensibilityGlobals) = postSolution
		SolutionGuid = {D9A7BB29-3AEC-4368-B4FB-C8DBAEA6F9A5}
	EndGlobalSection
EndGlobal
